lockfileVersion: '9.0'

settings:
  autoInstallPeers: true
  excludeLinksFromLockfile: false

importers:

  .:
    dependencies:
      '@anon-aadhaar/contracts':
        specifier: ^2.4.3
        version: 2.4.3
      '@openzeppelin/contracts':
        specifier: ^5.6.1
        version: 5.6.1
      dotenv:
        specifier: ^17.3.1
        version: 17.3.1
      ethers:
        specifier: ^6.16.0
        version: 6.16.0
    devDependencies:
      '@types/node':
        specifier: ^22.19.13
        version: 22.19.15
      forge-std:
        specifier: github:foundry-rs/forge-std#v1.9.7
        version: https://codeload.github.com/foundry-rs/forge-std/tar.gz/77041d2ce690e692d6e03cc812b57d1ddaa4d505
      hardhat:
        specifier: ^3.1.10
        version: 3.1.12
      typescript:
        specifier: ~5.8.0
        version: 5.8.3

packages:

  '@adraffy/ens-normalize@1.10.1':
    resolution: {integrity: sha512-96Z2IP3mYmF1Xg2cDm8f1gWGf/HUVedQ3FMifV4kG/PQ4yEP51xDtRAEfhVNt5f/uzpNkZHwWQuUcu6D6K+Ekw==}

  '@anon-aadhaar/contracts@2.4.3':
    resolution: {integrity: sha512-j5xyPEwsDfGVwj3hTawYtKu367IeKQCGkz/WUGsmcj1fAJSwi/klSiNjLObBGZR7uzv7FWjjQDhIP6C5xpS1ZA==}

  '@esbuild/aix-ppc64@0.27.4':
    resolution: {integrity: sha512-cQPwL2mp2nSmHHJlCyoXgHGhbEPMrEEU5xhkcy3Hs/O7nGZqEpZ2sUtLaL9MORLtDfRvVl2/3PAuEkYZH0Ty8Q==}
    engines: {node: '>=18'}
    cpu: [ppc64]
    os: [aix]

  '@esbuild/android-arm64@0.27.4':
    resolution: {integrity: sha512-gdLscB7v75wRfu7QSm/zg6Rx29VLdy9eTr2t44sfTW7CxwAtQghZ4ZnqHk3/ogz7xao0QAgrkradbBzcqFPasw==}
    engines: {node: '>=18'}
    cpu: [arm64]
    os: [android]

  '@esbuild/android-arm@0.27.4':
    resolution: {integrity: sha512-X9bUgvxiC8CHAGKYufLIHGXPJWnr0OCdR0anD2e21vdvgCI8lIfqFbnoeOz7lBjdrAGUhqLZLcQo6MLhTO2DKQ==}
    engines: {node: '>=18'}
    cpu: [arm]
    os: [android]

  '@esbuild/android-x64@0.27.4':
    resolution: {integrity: sha512-PzPFnBNVF292sfpfhiyiXCGSn9HZg5BcAz+ivBuSsl6Rk4ga1oEXAamhOXRFyMcjwr2DVtm40G65N3GLeH1Lvw==}
    engines: {node: '>=18'}
    cpu: [x64]
    os: [android]

  '@esbuild/darwin-arm64@0.27.4':
    resolution: {integrity: sha512-b7xaGIwdJlht8ZFCvMkpDN6uiSmnxxK56N2GDTMYPr2/gzvfdQN8rTfBsvVKmIVY/X7EM+/hJKEIbbHs9oA4tQ==}
    engines: {node: '>=18'}
    cpu: [arm64]
    os: [darwin]

  '@esbuild/darwin-x64@0.27.4':
    resolution: {integrity: sha512-sR+OiKLwd15nmCdqpXMnuJ9W2kpy0KigzqScqHI3Hqwr7IXxBp3Yva+yJwoqh7rE8V77tdoheRYataNKL4QrPw==}
    engines: {node: '>=18'}
    cpu: [x64]
    os: [darwin]

  '@esbuild/freebsd-arm64@0.27.4':
    resolution: {integrity: sha512-jnfpKe+p79tCnm4GVav68A7tUFeKQwQyLgESwEAUzyxk/TJr4QdGog9sqWNcUbr/bZt/O/HXouspuQDd9JxFSw==}
    engines: {node: '>=18'}
    cpu: [arm64]
    os: [freebsd]

  '@esbuild/freebsd-x64@0.27.4':
    resolution: {integrity: sha512-2kb4ceA/CpfUrIcTUl1wrP/9ad9Atrp5J94Lq69w7UwOMolPIGrfLSvAKJp0RTvkPPyn6CIWrNy13kyLikZRZQ==}
    engines: {node: '>=18'}
    cpu: [x64]
    os: [freebsd]

  '@esbuild/linux-arm64@0.27.4':
    resolution: {integrity: sha512-7nQOttdzVGth1iz57kxg9uCz57dxQLHWxopL6mYuYthohPKEK0vU0C3O21CcBK6KDlkYVcnDXY099HcCDXd9dA==}
    engines: {node: '>=18'}
    cpu: [arm64]
    os: [linux]

  '@esbuild/linux-arm@0.27.4':
    resolution: {integrity: sha512-aBYgcIxX/wd5n2ys0yESGeYMGF+pv6g0DhZr3G1ZG4jMfruU9Tl1i2Z+Wnj9/KjGz1lTLCcorqE2viePZqj4Eg==}
    engines: {node: '>=18'}
    cpu: [arm]
    os: [linux]

  '@esbuild/linux-ia32@0.27.4':
    resolution: {integrity: sha512-oPtixtAIzgvzYcKBQM/qZ3R+9TEUd1aNJQu0HhGyqtx6oS7qTpvjheIWBbes4+qu1bNlo2V4cbkISr8q6gRBFA==}
    engines: {node: '>=18'}
    cpu: [ia32]
    os: [linux]

  '@esbuild/linux-loong64@0.27.4':
    resolution: {integrity: sha512-8mL/vh8qeCoRcFH2nM8wm5uJP+ZcVYGGayMavi8GmRJjuI3g1v6Z7Ni0JJKAJW+m0EtUuARb6Lmp4hMjzCBWzA==}
    engines: {node: '>=18'}
    cpu: [loong64]
    os: [linux]

  '@esbuild/linux-mips64el@0.27.4':
    resolution: {integrity: sha512-1RdrWFFiiLIW7LQq9Q2NES+HiD4NyT8Itj9AUeCl0IVCA459WnPhREKgwrpaIfTOe+/2rdntisegiPWn/r/aAw==}
    engines: {node: '>=18'}
    cpu: [mips64el]
    os: [linux]

  '@esbuild/linux-ppc64@0.27.4':
    resolution: {integrity: sha512-tLCwNG47l3sd9lpfyx9LAGEGItCUeRCWeAx6x2Jmbav65nAwoPXfewtAdtbtit/pJFLUWOhpv0FpS6GQAmPrHA==}
    engines: {node: '>=18'}
    cpu: [ppc64]
    os: [linux]

  '@esbuild/linux-riscv64@0.27.4':
    resolution: {integrity: sha512-BnASypppbUWyqjd1KIpU4AUBiIhVr6YlHx/cnPgqEkNoVOhHg+YiSVxM1RLfiy4t9cAulbRGTNCKOcqHrEQLIw==}
    engines: {node: '>=18'}
    cpu: [riscv64]
    os: [linux]

  '@esbuild/linux-s390x@0.27.4':
    resolution: {integrity: sha512-+eUqgb/Z7vxVLezG8bVB9SfBie89gMueS+I0xYh2tJdw3vqA/0ImZJ2ROeWwVJN59ihBeZ7Tu92dF/5dy5FttA==}
    engines: {node: '>=18'}
    cpu: [s390x]
    os: [linux]

  '@esbuild/linux-x64@0.27.4':
    resolution: {integrity: sha512-S5qOXrKV8BQEzJPVxAwnryi2+Iq5pB40gTEIT69BQONqR7JH1EPIcQ/Uiv9mCnn05jff9umq/5nqzxlqTOg9NA==}
    engines: {node: '>=18'}
    cpu: [x64]
    os: [linux]

  '@esbuild/netbsd-arm64@0.27.4':
    resolution: {integrity: sha512-xHT8X4sb0GS8qTqiwzHqpY00C95DPAq7nAwX35Ie/s+LO9830hrMd3oX0ZMKLvy7vsonee73x0lmcdOVXFzd6Q==}
    engines: {node: '>=18'}
    cpu: [arm64]
    os: [netbsd]

  '@esbuild/netbsd-x64@0.27.4':
    resolution: {integrity: sha512-RugOvOdXfdyi5Tyv40kgQnI0byv66BFgAqjdgtAKqHoZTbTF2QqfQrFwa7cHEORJf6X2ht+l9ABLMP0dnKYsgg==}
    engines: {node: '>=18'}
    cpu: [x64]
    os: [netbsd]

  '@esbuild/openbsd-arm64@0.27.4':
    resolution: {integrity: sha512-2MyL3IAaTX+1/qP0O1SwskwcwCoOI4kV2IBX1xYnDDqthmq5ArrW94qSIKCAuRraMgPOmG0RDTA74mzYNQA9ow==}
    engines: {node: '>=18'}
    cpu: [arm64]
    os: [openbsd]

  '@esbuild/openbsd-x64@0.27.4':
    resolution: {integrity: sha512-u8fg/jQ5aQDfsnIV6+KwLOf1CmJnfu1ShpwqdwC0uA7ZPwFws55Ngc12vBdeUdnuWoQYx/SOQLGDcdlfXhYmXQ==}
    engines: {node: '>=18'}
    cpu: [x64]
    os: [openbsd]

  '@esbuild/openharmony-arm64@0.27.4':
    resolution: {integrity: sha512-JkTZrl6VbyO8lDQO3yv26nNr2RM2yZzNrNHEsj9bm6dOwwu9OYN28CjzZkH57bh4w0I2F7IodpQvUAEd1mbWXg==}
    engines: {node: '>=18'}
    cpu: [arm64]
    os: [openharmony]

  '@esbuild/sunos-x64@0.27.4':
    resolution: {integrity: sha512-/gOzgaewZJfeJTlsWhvUEmUG4tWEY2Spp5M20INYRg2ZKl9QPO3QEEgPeRtLjEWSW8FilRNacPOg8R1uaYkA6g==}
    engines: {node: '>=18'}
    cpu: [x64]
    os: [sunos]

  '@esbuild/win32-arm64@0.27.4':
    resolution: {integrity: sha512-Z9SExBg2y32smoDQdf1HRwHRt6vAHLXcxD2uGgO/v2jK7Y718Ix4ndsbNMU/+1Qiem9OiOdaqitioZwxivhXYg==}
    engines: {node: '>=18'}
    cpu: [arm64]
    os: [win32]

  '@esbuild/win32-ia32@0.27.4':
    resolution: {integrity: sha512-DAyGLS0Jz5G5iixEbMHi5KdiApqHBWMGzTtMiJ72ZOLhbu/bzxgAe8Ue8CTS3n3HbIUHQz/L51yMdGMeoxXNJw==}
    engines: {node: '>=18'}
    cpu: [ia32]
    os: [win32]

  '@esbuild/win32-x64@0.27.4':
    resolution: {integrity: sha512-+knoa0BDoeXgkNvvV1vvbZX4+hizelrkwmGJBdT17t8FNPwG2lKemmuMZlmaNQ3ws3DKKCxpb4zRZEIp3UxFCg==}
    engines: {node: '>=18'}
    cpu: [x64]
    os: [win32]

  '@noble/curves@1.2.0':
    resolution: {integrity: sha512-oYclrNgRaM9SsBUBVbb8M6DTV7ZHRTKugureoYEncY5c65HOmRzvSiTE3y5CYaPYJA/GVkrhXEoF0M3Ya9PMnw==}

  '@noble/curves@1.4.2':
    resolution: {integrity: sha512-TavHr8qycMChk8UwMld0ZDRvatedkzWfH8IiaeGCfymOP5i0hSCozz9vHOL0nkwk7HRMlFnAiKpS2jrUmSybcw==}

  '@noble/curves@1.8.2':
    resolution: {integrity: sha512-vnI7V6lFNe0tLAuJMu+2sX+FcL14TaCWy1qiczg1VwRmPrpQCdq5ESXQMqUc2tluRNf6irBXrWbl1mGN8uaU/g==}
    engines: {node: ^14.21.3 || >=16}

  '@noble/hashes@1.3.2':
    resolution: {integrity: sha512-MVC8EAQp7MvEcm30KWENFjgR+Mkmf+D189XJTkFIlwohU5hcBbn1ZkKq7KVTi2Hme3PMGF390DaL52beVrIihQ==}
    engines: {node: '>= 16'}

  '@noble/hashes@1.4.0':
    resolution: {integrity: sha512-V1JJ1WTRUqHHrOSh597hURcMqVKVGL/ea3kv0gSnEdsEZ0/+VyPghM1lMNGc00z7CIQorSvbKpuJkxvuHbvdbg==}
    engines: {node: '>= 16'}

  '@noble/hashes@1.7.2':
    resolution: {integrity: sha512-biZ0NUSxyjLLqo6KxEJ1b+C2NAx0wtDoFvCaXHGgUkeHzf3Xc1xKumFKREuT7f7DARNZ/slvYUwFG6B0f2b6hQ==}
    engines: {node: ^14.21.3 || >=16}

  '@nomicfoundation/edr-darwin-arm64@0.12.0-next.28':
    resolution: {integrity: sha512-fJsQ8enlgp4Sky98jHcAFXXmb3EYNoYlwtGlmfoYjDsIeL74a2lozNzyo55CtduHD/sugffjtyF0nDyxZEdwMg==}
    engines: {node: '>= 20'}

  '@nomicfoundation/edr-darwin-x64@0.12.0-next.28':
    resolution: {integrity: sha512-QST3PPJPejfRJhxThR5CoCxQAfIty0n8k40JtI+wLwKGCDT86JRKkJ3AaXPM1a72nUqMYoQK+gzQyA11zZGd4Q==}
    engines: {node: '>= 20'}

  '@nomicfoundation/edr-linux-arm64-gnu@0.12.0-next.28':
    resolution: {integrity: sha512-sj4p6jeQfkiePxn1goZFZzz7V0SVFfZDH6ngPileQcAoFBWHKqi17UOG4IZ4NFpjYmDCcdrUWDNRbxC7OhgEqQ==}
    engines: {node: '>= 20'}

  '@nomicfoundation/edr-linux-arm64-musl@0.12.0-next.28':
    resolution: {integrity: sha512-d0hV02jMTozPEqRF3PO65Xi6/RqN5EywU5KaiDMcO+8b0nk+pJZ6VdcugRgv3lMMJbM/sP3LDFQn2eoOhalp7w==}
    engines: {node: '>= 20'}

  '@nomicfoundation/edr-linux-x64-gnu@0.12.0-next.28':
    resolution: {integrity: sha512-x3z4xbmCtSyZZg9MOhHcw1DOscngj50KK+6ZG0HKkGEbZ7WvDB9BnmRFEWo1rvIM+gqIcZvUBJbpLIdkA/BQYw==}
    engines: {node: '>= 20'}

  '@nomicfoundation/edr-linux-x64-musl@0.12.0-next.28':
    resolution: {integrity: sha512-CKGcvP7enTo7gTXVxQiR8txPDOTNqS+wPLPkKXFzQBuVJ0FDj8eKIMRlZaw3Wbcd8QObaAKmKH7KzHVO5zzXmQ==}
    engines: {node: '>= 20'}

  '@nomicfoundation/edr-win32-x64-msvc@0.12.0-next.28':
    resolution: {integrity: sha512-QAzb9dZGwOU7Ee2N96dvdSLiUMmjlPVxgLqTKsQbkibcBZ9I+Zs8TGisGUZsDccrbUcR4wDv8S9tD1EM9fEs/g==}
    engines: {node: '>= 20'}

  '@nomicfoundation/edr@0.12.0-next.28':
    resolution: {integrity: sha512-DOW5VFGIZWpuB6Llx+5ewn9HingN7uV/6nI3ecB3pZ4qc5OnwxnfG/KatYS6Fq3J55SuWMSxgDMHHA0kAVTFHQ==}
    engines: {node: '>= 20'}

  '@nomicfoundation/hardhat-errors@3.0.8':
    resolution: {integrity: sha512-gHAZDYb0e5joq+WecgC3ciz5OcgqUBgK2zLQmNoKSn/I52h3SH1stxXsY4dcVsj0OY4ZksqIRhJDKskHC5DvTA==}

  '@nomicfoundation/hardhat-utils@4.0.1':
    resolution: {integrity: sha512-9xxD6WXLn+kopd+hmF+XYcJJ38Gm06QmZxKf/fIJzlzs9FuNI6C7Lvdd4qHv8/3ReegIbpBCrzozaL2GISmNrA==}

  '@nomicfoundation/hardhat-vendored@3.0.1':
    resolution: {integrity: sha512-jBOAqmEAMJ8zdfiQmTLV+c0IaSyySqkDSJ9spTy8Ts/m/mO8w364TClyfn+p4ZpxBjyX4LMa3NfC402hoDtwCg==}

  '@nomicfoundation/hardhat-zod-utils@3.0.3':
    resolution: {integrity: sha512-WER4/UKLpm7/nz1asvNR7EKZKKBW+48Hw7GOdcd3Rhdr3VTNuTaeIxCJpl6YxTTg+Eq/sPAWX0mr25+USs6KWw==}
    peerDependencies:
      zod: ^3.23.8

  '@nomicfoundation/solidity-analyzer-darwin-arm64@0.1.2':
    resolution: {integrity: sha512-JaqcWPDZENCvm++lFFGjrDd8mxtf+CtLd2MiXvMNTBD33dContTZ9TWETwNFwg7JTJT5Q9HEecH7FA+HTSsIUw==}
    engines: {node: '>= 12'}

  '@nomicfoundation/solidity-analyzer-darwin-x64@0.1.2':
    resolution: {integrity: sha512-fZNmVztrSXC03e9RONBT+CiksSeYcxI1wlzqyr0L7hsQlK1fzV+f04g2JtQ1c/Fe74ZwdV6aQBdd6Uwl1052sw==}
    engines: {node: '>= 12'}

  '@nomicfoundation/solidity-analyzer-linux-arm64-gnu@0.1.2':
    resolution: {integrity: sha512-3d54oc+9ZVBuB6nbp8wHylk4xh0N0Gc+bk+/uJae+rUgbOBwQSfuGIbAZt1wBXs5REkSmynEGcqx6DutoK0tPA==}
    engines: {node: '>= 12'}

  '@nomicfoundation/solidity-analyzer-linux-arm64-musl@0.1.2':
    resolution: {integrity: sha512-iDJfR2qf55vgsg7BtJa7iPiFAsYf2d0Tv/0B+vhtnI16+wfQeTbP7teookbGvAo0eJo7aLLm0xfS/GTkvHIucA==}
    engines: {node: '>= 12'}

  '@nomicfoundation/solidity-analyzer-linux-x64-gnu@0.1.2':
    resolution: {integrity: sha512-9dlHMAt5/2cpWyuJ9fQNOUXFB/vgSFORg1jpjX1Mh9hJ/MfZXlDdHQ+DpFCs32Zk5pxRBb07yGvSHk9/fezL+g==}
    engines: {node: '>= 12'}

  '@nomicfoundation/solidity-analyzer-linux-x64-musl@0.1.2':
    resolution: {integrity: sha512-GzzVeeJob3lfrSlDKQw2bRJ8rBf6mEYaWY+gW0JnTDHINA0s2gPR4km5RLIj1xeZZOYz4zRw+AEeYgLRqB2NXg==}
    engines: {node: '>= 12'}

  '@nomicfoundation/solidity-analyzer-win32-x64-msvc@0.1.2':
    resolution: {integrity: sha512-Fdjli4DCcFHb4Zgsz0uEJXZ2K7VEO+w5KVv7HmT7WO10iODdU9csC2az4jrhEsRtiR9Gfd74FlG0NYlw1BMdyA==}
    engines: {node: '>= 12'}

  '@nomicfoundation/solidity-analyzer@0.1.2':
    resolution: {integrity: sha512-q4n32/FNKIhQ3zQGGw5CvPF6GTvDCpYwIf7bEY/dZTZbgfDsHyjJwURxUJf3VQuuJj+fDIFl4+KkBVbw4Ef6jA==}
    engines: {node: '>= 12'}

  '@openzeppelin/contracts@5.6.1':
    resolution: {integrity: sha512-Ly6SlsVJ3mj+b18W3R8gNufB7dTICT105fJhodGAGgyC2oqnBAhqSiNDJ8V8DLY05cCz81GLI0CU5vNYA1EC/w==}

  '@scure/base@1.1.9':
    resolution: {integrity: sha512-8YKhl8GHiNI/pU2VMaofa2Tor7PJRAjwQLBBuilkJ9L5+13yVbC7JO/wS7piioAvPSwR3JKM1IJ/u4xQzbcXKg==}

  '@scure/base@1.2.6':
    resolution: {integrity: sha512-g/nm5FgUa//MCj1gV09zTJTaM6KBAHqLN907YVQqf7zC49+DcO4B1so4ZX07Ef10Twr6nuqYEH9GEggFXA4Fmg==}

  '@scure/bip32@1.4.0':
    resolution: {integrity: sha512-sVUpc0Vq3tXCkDGYVWGIZTRfnvu8LoTDaev7vbwh0omSvVORONr960MQWdKqJDCReIEmTj3PAr73O3aoxz7OPg==}

  '@scure/bip39@1.3.0':
    resolution: {integrity: sha512-disdg7gHuTDZtY+ZdkmLpPCk7fxZSu3gBiEGuoC1XYxv9cGx3Z6cpTggCgW6odSOOIXCiDjuGejW+aJKCY/pIQ==}

  '@sentry/core@9.47.1':
    resolution: {integrity: sha512-KX62+qIt4xgy8eHKHiikfhz2p5fOciXd0Cl+dNzhgPFq8klq4MGMNaf148GB3M/vBqP4nw/eFvRMAayFCgdRQw==}
    engines: {node: '>=18'}

  '@streamparser/json-node@0.0.22':
    resolution: {integrity: sha512-sJT2ptNRwqB1lIsQrQlCoWk5rF4tif9wDh+7yluAGijJamAhrHGYpFB/Zg3hJeceoZypi74ftXk8DHzwYpbZSg==}

  '@streamparser/json@0.0.22':
    resolution: {integrity: sha512-b6gTSBjJ8G8SuO3Gbbj+zXbVx8NSs1EbpbMKpzGLWMdkR+98McH9bEjSz3+0mPJf68c5nxa3CrJHp5EQNXM6zQ==}

  '@types/node@22.19.15':
    resolution: {integrity: sha512-F0R/h2+dsy5wJAUe3tAU6oqa2qbWY5TpNfL/RGmo1y38hiyO1w3x2jPtt76wmuaJI4DQnOBu21cNXQ2STIUUWg==}

  '@types/node@22.7.5':
    resolution: {integrity: sha512-jML7s2NAzMWc//QSJ1a3prpk78cOPchGvXJsC3C6R6PSMoooztvRVQEz89gmBTBY1SPMaqo5teB4uNHPdetShQ==}

  adm-zip@0.4.16:
    resolution: {integrity: sha512-TFi4HBKSGfIKsK5YCkKaaFG2m4PEDyViZmEwof3MTIgzimHLto6muaHVpbrljdIvIrFZzEq/p4nafOeLcYegrg==}
    engines: {node: '>=0.3.0'}

  aes-js@4.0.0-beta.5:
    resolution: {integrity: sha512-G965FqalsNyrPqgEGON7nIx1e/OVENSgiEIzyC63haUMuvNnwIgIjMs52hlTCKhkBny7A2ORNlfY9Zu+jmGk1Q==}

  ansi-colors@4.1.3:
    resolution: {integrity: sha512-/6w/C21Pm1A7aZitlI5Ni/2J6FFQN8i1Cvz3kHABAAbw93v/NlvKdVOqz7CCWz/3iv/JplRSEEZ83XION15ovw==}
    engines: {node: '>=6'}

  ansi-regex@5.0.1:
    resolution: {integrity: sha512-quJQXlTSUGL2LH9SUXo8VwsY4soanhgo6LNSm84E1LBcE8s3O0wpdiRzyR9z/ZZJMlMWv37qOOb9pdJlMUEKFQ==}
    engines: {node: '>=8'}

  chalk@5.6.2:
    resolution: {integrity: sha512-7NzBL0rN6fMUW+f7A6Io4h40qQlG+xGmtMxfbnH/K7TAtt8JQWVQK+6g0UXKMeVJoyV5EkkNsErQ8pVD3bLHbA==}
    engines: {node: ^12.17.0 || ^14.13 || >=16.0.0}

  chokidar@4.0.3:
    resolution: {integrity: sha512-Qgzu8kfBvo+cA4962jnP1KkS6Dop5NS6g7R5LFYJr4b8Ub94PPQXUksCw9PvXoeXPRRddRNC5C1JQUR2SMGtnA==}
    engines: {node: '>= 14.16.0'}

  debug@4.4.3:
    resolution: {integrity: sha512-RGwwWnwQvkVfavKVt22FGLw+xYSdzARwm0ru6DhTVA3umU5hZc28V3kO4stgYryrTlLpuvgI9GiijltAjNbcqA==}
    engines: {node: '>=6.0'}
    peerDependencies:
      supports-color: '*'
    peerDependenciesMeta:
      supports-color:
        optional: true

  dotenv@17.3.1:
    resolution: {integrity: sha512-IO8C/dzEb6O3F9/twg6ZLXz164a2fhTnEWb95H23Dm4OuN+92NmEAlTrupP9VW6Jm3sO26tQlqyvyi4CsnY9GA==}
    engines: {node: '>=12'}

  enquirer@2.4.1:
    resolution: {integrity: sha512-rRqJg/6gd538VHvR3PSrdRBb/1Vy2YfzHqzvbhGIQpDRKIa4FgV/54b5Q1xYSxOOwKvjXweS26E0Q+nAMwp2pQ==}
    engines: {node: '>=8.6'}

  env-paths@2.2.1:
    resolution: {integrity: sha512-+h1lkLKhZMTYjog1VEpJNG7NZJWcuc2DDk/qsqSTRRCOXiLjeQ1d1/udrUGhqMxUgAlwKNZ0cf2uqan5GLuS2A==}
    engines: {node: '>=6'}

  esbuild@0.27.4:
    resolution: {integrity: sha512-Rq4vbHnYkK5fws5NF7MYTU68FPRE1ajX7heQ/8QXXWqNgqqJ/GkmmyxIzUnf2Sr/bakf8l54716CcMGHYhMrrQ==}
    engines: {node: '>=18'}
    hasBin: true

  ethereum-cryptography@2.2.1:
    resolution: {integrity: sha512-r/W8lkHSiTLxUxW8Rf3u4HGB0xQweG2RyETjywylKZSzLWoWAijRz8WCuOtJ6wah+avllXBqZuk29HCCvhEIRg==}

  ethers@6.16.0:
    resolution: {integrity: sha512-U1wulmetNymijEhpSEQ7Ct/P/Jw9/e7R1j5XIbPRydgV2DjLVMsULDlNksq3RQnFgKoLlZf88ijYtWEXcPa07A==}
    engines: {node: '>=14.0.0'}

  fast-equals@5.4.0:
    resolution: {integrity: sha512-jt2DW/aNFNwke7AUd+Z+e6pz39KO5rzdbbFCg2sGafS4mk13MI7Z8O5z9cADNn5lhGODIgLwug6TZO2ctf7kcw==}
    engines: {node: '>=6.0.0'}

  forge-std@https://codeload.github.com/foundry-rs/forge-std/tar.gz/77041d2ce690e692d6e03cc812b57d1ddaa4d505:
    resolution: {tarball: https://codeload.github.com/foundry-rs/forge-std/tar.gz/77041d2ce690e692d6e03cc812b57d1ddaa4d505}
    version: 1.9.7

  fsevents@2.3.3:
    resolution: {integrity: sha512-5xoDfX+fL7faATnagmWPpbFtwh/R77WmMMqqHGS65C3vvB0YHrgF+B1YmZ3441tMj5n63k0212XNoJwzlhffQw==}
    engines: {node: ^8.16.0 || ^10.6.0 || >=11.0.0}
    os: [darwin]

  get-tsconfig@4.13.6:
    resolution: {integrity: sha512-shZT/QMiSHc/YBLxxOkMtgSid5HFoauqCE3/exfsEcwg1WkeqjG+V40yBbBrsD+jW2HDXcs28xOfcbm2jI8Ddw==}

  hardhat@3.1.12:
    resolution: {integrity: sha512-/3TrZV4ViCIKgy2K5XwPS5xla2v4xjxYA2Ms1pi/0t+1GQQ1dWQpKJhDjKBc02UWYiWihIZFAv9RS30anyhqpQ==}
    hasBin: true

  json-stream-stringify@3.1.6:
    resolution: {integrity: sha512-x7fpwxOkbhFCaJDJ8vb1fBY3DdSa4AlITaz+HHILQJzdPMnHEFjxPwVUi1ALIbcIxDE0PNe/0i7frnY8QnBQog==}
    engines: {node: '>=7.10.1'}

  micro-eth-signer@0.14.0:
    resolution: {integrity: sha512-5PLLzHiVYPWClEvZIXXFu5yutzpadb73rnQCpUqIHu3No3coFuWQNfE5tkBQJ7djuLYl6aRLaS0MgWJYGoqiBw==}

  micro-packed@0.7.3:
    resolution: {integrity: sha512-2Milxs+WNC00TRlem41oRswvw31146GiSaoCT7s3Xi2gMUglW5QBeqlQaZeHr5tJx9nm3i57LNXPqxOOaWtTYg==}

  ms@2.1.3:
    resolution: {integrity: sha512-6FlzubTLZG3J2a/NVCAleEhjzq5oxgHyaCU9yYXvcLsvoVaHJq/s5xXI6/XXP6tz7R9xAOtHnSO/tXtF3WRTlA==}

  p-map@7.0.4:
    resolution: {integrity: sha512-tkAQEw8ysMzmkhgw8k+1U/iPhWNhykKnSk4Rd5zLoPJCuJaGRPo6YposrZgaxHKzDHdDWWZvE/Sk7hsL2X/CpQ==}
    engines: {node: '>=18'}

  readdirp@4.1.2:
    resolution: {integrity: sha512-GDhwkLfywWL2s6vEjyhri+eXmfH6j1L7JE27WhqLeYzoh/A3DBaYGEj2H/HFZCn/kMfim73FXxEJTw06WtxQwg==}
    engines: {node: '>= 14.18.0'}

  resolve-pkg-maps@1.0.0:
    resolution: {integrity: sha512-seS2Tj26TBVOC2NIc2rOe2y2ZO7efxITtLZcGSOnHHNOQ7CkiUBfw0Iw2ck6xkIhPwLhKNLS8BO+hEpngQlqzw==}

  resolve.exports@2.0.3:
    resolution: {integrity: sha512-OcXjMsGdhL4XnbShKpAcSqPMzQoYkYyhbEaeSko47MjRP9NfEQMhZkXL1DoFlt9LWQn4YttrdnV6X2OiyzBi+A==}
    engines: {node: '>=10'}

  rfdc@1.4.1:
    resolution: {integrity: sha512-q1b3N5QkRUWUl7iyylaaj3kOpIT0N2i9MqIEQXP73GVsN9cw3fdx8X63cEmWhJGi2PPCF23Ijp7ktmd39rawIA==}

  semver@7.7.4:
    resolution: {integrity: sha512-vFKC2IEtQnVhpT78h1Yp8wzwrf8CM+MzKMHGJZfBtzhZNycRFnXsHk6E5TxIkkMsgNS7mdX3AGB7x2QM2di4lA==}
    engines: {node: '>=10'}
    hasBin: true

  strip-ansi@6.0.1:
    resolution: {integrity: sha512-Y38VPSHcqkFrCpFnQ9vuSXmquuv5oXOKpGeT6aGrr3o3Gc9AlVa6JBfUSOCnbxGGZF+/0ooI7KrPuUSztUdU5A==}
    engines: {node: '>=8'}

  tslib@2.7.0:
    resolution: {integrity: sha512-gLXCKdN1/j47AiHiOkJN69hJmcbGTHI0ImLmbYLHykhgeN0jVGola9yVjFgzCUklsZQMW55o+dW7IXv3RCXDzA==}

  tsx@4.21.0:
    resolution: {integrity: sha512-5C1sg4USs1lfG0GFb2RLXsdpXqBSEhAaA/0kPL01wxzpMqLILNxIxIOKiILz+cdg/pLnOUxFYOR5yhHU666wbw==}
    engines: {node: '>=18.0.0'}
    hasBin: true

  typescript@5.8.3:
    resolution: {integrity: sha512-p1diW6TqL9L07nNxvRMM7hMMw4c5XOo/1ibL4aAIGmSAt9slTE1Xgw5KWuof2uTOvCg9BY7ZRi+GaF+7sfgPeQ==}
    engines: {node: '>=14.17'}
    hasBin: true

  undici-types@6.19.8:
    resolution: {integrity: sha512-ve2KP6f/JnbPBFyobGHuerC9g1FYGn/F8n1LWTwNxCEzd6IfqTwUQcNXgEtmmQ6DlRrC1hrSrBnCZPokRrDHjw==}

  undici-types@6.21.0:
    resolution: {integrity: sha512-iwDZqg0QAGrg9Rav5H4n0M64c3mkR59cJ6wQp+7C4nI0gsmExaedaYLNO44eT4AtBBwjbTiGPMlt2Md0T9H9JQ==}

  undici@6.24.0:
    resolution: {integrity: sha512-lVLNosgqo5EkGqh5XUDhGfsMSoO8K0BAN0TyJLvwNRSl4xWGZlCVYsAIpa/OpA3TvmnM01GWcoKmc3ZWo5wKKA==}
    engines: {node: '>=18.17'}

  ws@8.17.1:
    resolution: {integrity: sha512-6XQFvXTkbfUOZOKKILFG1PDK2NDQs4azKQl26T0YS5CxqWLgXajbPZ+h4gZekJyRqFU8pvnbAbbs/3TgRPy+GQ==}
    engines: {node: '>=10.0.0'}
    peerDependencies:
      bufferutil: ^4.0.1
      utf-8-validate: '>=5.0.2'
    peerDependenciesMeta:
      bufferutil:
        optional: true
      utf-8-validate:
        optional: true

  ws@8.19.0:
    resolution: {integrity: sha512-blAT2mjOEIi0ZzruJfIhb3nps74PRWTCz1IjglWEEpQl5XS/UNama6u2/rjFkDDouqr4L67ry+1aGIALViWjDg==}
    engines: {node: '>=10.0.0'}
    peerDependencies:
      bufferutil: ^4.0.1
      utf-8-validate: '>=5.0.2'
    peerDependenciesMeta:
      bufferutil:
        optional: true
      utf-8-validate:
        optional: true

  zod@3.25.76:
    resolution: {integrity: sha512-gzUt/qt81nXsFGKIFcC3YnfEAx5NkunCfnDlvuBSSFS02bcXu4Lmea0AFIUwbLWxWPx3d9p8S5QoaujKcNQxcQ==}

snapshots:

  '@adraffy/ens-normalize@1.10.1': {}

  '@anon-aadhaar/contracts@2.4.3': {}

  '@esbuild/aix-ppc64@0.27.4':
    optional: true

  '@esbuild/android-arm64@0.27.4':
    optional: true

  '@esbuild/android-arm@0.27.4':
    optional: true

  '@esbuild/android-x64@0.27.4':
    optional: true

  '@esbuild/darwin-arm64@0.27.4':
    optional: true

  '@esbuild/darwin-x64@0.27.4':
    optional: true

  '@esbuild/freebsd-arm64@0.27.4':
    optional: true

  '@esbuild/freebsd-x64@0.27.4':
    optional: true

  '@esbuild/linux-arm64@0.27.4':
    optional: true

  '@esbuild/linux-arm@0.27.4':
    optional: true

  '@esbuild/linux-ia32@0.27.4':
    optional: true

  '@esbuild/linux-loong64@0.27.4':
    optional: true

  '@esbuild/linux-mips64el@0.27.4':
    optional: true

  '@esbuild/linux-ppc64@0.27.4':
    optional: true

  '@esbuild/linux-riscv64@0.27.4':
    optional: true

  '@esbuild/linux-s390x@0.27.4':
    optional: true

  '@esbuild/linux-x64@0.27.4':
    optional: true

  '@esbuild/netbsd-arm64@0.27.4':
    optional: true

  '@esbuild/netbsd-x64@0.27.4':
    optional: true

  '@esbuild/openbsd-arm64@0.27.4':
    optional: true

  '@esbuild/openbsd-x64@0.27.4':
    optional: true

  '@esbuild/openharmony-arm64@0.27.4':
    optional: true

  '@esbuild/sunos-x64@0.27.4':
    optional: true

  '@esbuild/win32-arm64@0.27.4':
    optional: true

  '@esbuild/win32-ia32@0.27.4':
    optional: true

  '@esbuild/win32-x64@0.27.4':
    optional: true

  '@noble/curves@1.2.0':
    dependencies:
      '@noble/hashes': 1.3.2

  '@noble/curves@1.4.2':
    dependencies:
      '@noble/hashes': 1.4.0

  '@noble/curves@1.8.2':
    dependencies:
      '@noble/hashes': 1.7.2

  '@noble/hashes@1.3.2': {}

  '@noble/hashes@1.4.0': {}

  '@noble/hashes@1.7.2': {}

  '@nomicfoundation/edr-darwin-arm64@0.12.0-next.28': {}

  '@nomicfoundation/edr-darwin-x64@0.12.0-next.28': {}

  '@nomicfoundation/edr-linux-arm64-gnu@0.12.0-next.28': {}

  '@nomicfoundation/edr-linux-arm64-musl@0.12.0-next.28': {}

  '@nomicfoundation/edr-linux-x64-gnu@0.12.0-next.28': {}

  '@nomicfoundation/edr-linux-x64-musl@0.12.0-next.28': {}

  '@nomicfoundation/edr-win32-x64-msvc@0.12.0-next.28': {}

  '@nomicfoundation/edr@0.12.0-next.28':
    dependencies:
      '@nomicfoundation/edr-darwin-arm64': 0.12.0-next.28
      '@nomicfoundation/edr-darwin-x64': 0.12.0-next.28
      '@nomicfoundation/edr-linux-arm64-gnu': 0.12.0-next.28
      '@nomicfoundation/edr-linux-arm64-musl': 0.12.0-next.28
      '@nomicfoundation/edr-linux-x64-gnu': 0.12.0-next.28
      '@nomicfoundation/edr-linux-x64-musl': 0.12.0-next.28
      '@nomicfoundation/edr-win32-x64-msvc': 0.12.0-next.28

  '@nomicfoundation/hardhat-errors@3.0.8':
    dependencies:
      '@nomicfoundation/hardhat-utils': 4.0.1
    transitivePeerDependencies:
      - supports-color

  '@nomicfoundation/hardhat-utils@4.0.1':
    dependencies:
      '@streamparser/json-node': 0.0.22
      debug: 4.4.3
      env-paths: 2.2.1
      ethereum-cryptography: 2.2.1
      fast-equals: 5.4.0
      json-stream-stringify: 3.1.6
      rfdc: 1.4.1
      undici: 6.24.0
    transitivePeerDependencies:
      - supports-color

  '@nomicfoundation/hardhat-vendored@3.0.1': {}

  '@nomicfoundation/hardhat-zod-utils@3.0.3(zod@3.25.76)':
    dependencies:
      '@nomicfoundation/hardhat-errors': 3.0.8
      '@nomicfoundation/hardhat-utils': 4.0.1
      zod: 3.25.76
    transitivePeerDependencies:
      - supports-color

  '@nomicfoundation/solidity-analyzer-darwin-arm64@0.1.2':
    optional: true

  '@nomicfoundation/solidity-analyzer-darwin-x64@0.1.2':
    optional: true

  '@nomicfoundation/solidity-analyzer-linux-arm64-gnu@0.1.2':
    optional: true

  '@nomicfoundation/solidity-analyzer-linux-arm64-musl@0.1.2':
    optional: true

  '@nomicfoundation/solidity-analyzer-linux-x64-gnu@0.1.2':
    optional: true

  '@nomicfoundation/solidity-analyzer-linux-x64-musl@0.1.2':
    optional: true

  '@nomicfoundation/solidity-analyzer-win32-x64-msvc@0.1.2':
    optional: true

  '@nomicfoundation/solidity-analyzer@0.1.2':
    optionalDependencies:
      '@nomicfoundation/solidity-analyzer-darwin-arm64': 0.1.2
      '@nomicfoundation/solidity-analyzer-darwin-x64': 0.1.2
      '@nomicfoundation/solidity-analyzer-linux-arm64-gnu': 0.1.2
      '@nomicfoundation/solidity-analyzer-linux-arm64-musl': 0.1.2
      '@nomicfoundation/solidity-analyzer-linux-x64-gnu': 0.1.2
      '@nomicfoundation/solidity-analyzer-linux-x64-musl': 0.1.2
      '@nomicfoundation/solidity-analyzer-win32-x64-msvc': 0.1.2

  '@openzeppelin/contracts@5.6.1': {}

  '@scure/base@1.1.9': {}

  '@scure/base@1.2.6': {}

  '@scure/bip32@1.4.0':
    dependencies:
      '@noble/curves': 1.4.2
      '@noble/hashes': 1.4.0
      '@scure/base': 1.1.9

  '@scure/bip39@1.3.0':
    dependencies:
      '@noble/hashes': 1.4.0
      '@scure/base': 1.1.9

  '@sentry/core@9.47.1': {}

  '@streamparser/json-node@0.0.22':
    dependencies:
      '@streamparser/json': 0.0.22

  '@streamparser/json@0.0.22': {}

  '@types/node@22.19.15':
    dependencies:
      undici-types: 6.21.0

  '@types/node@22.7.5':
    dependencies:
      undici-types: 6.19.8

  adm-zip@0.4.16: {}

  aes-js@4.0.0-beta.5: {}

  ansi-colors@4.1.3: {}

  ansi-regex@5.0.1: {}

  chalk@5.6.2: {}

  chokidar@4.0.3:
    dependencies:
      readdirp: 4.1.2

  debug@4.4.3:
    dependencies:
      ms: 2.1.3

  dotenv@17.3.1: {}

  enquirer@2.4.1:
    dependencies:
      ansi-colors: 4.1.3
      strip-ansi: 6.0.1

  env-paths@2.2.1: {}

  esbuild@0.27.4:
    optionalDependencies:
      '@esbuild/aix-ppc64': 0.27.4
      '@esbuild/android-arm': 0.27.4
      '@esbuild/android-arm64': 0.27.4
      '@esbuild/android-x64': 0.27.4
      '@esbuild/darwin-arm64': 0.27.4
      '@esbuild/darwin-x64': 0.27.4
      '@esbuild/freebsd-arm64': 0.27.4
      '@esbuild/freebsd-x64': 0.27.4
      '@esbuild/linux-arm': 0.27.4
      '@esbuild/linux-arm64': 0.27.4
      '@esbuild/linux-ia32': 0.27.4
      '@esbuild/linux-loong64': 0.27.4
      '@esbuild/linux-mips64el': 0.27.4
      '@esbuild/linux-ppc64': 0.27.4
      '@esbuild/linux-riscv64': 0.27.4
      '@esbuild/linux-s390x': 0.27.4
      '@esbuild/linux-x64': 0.27.4
      '@esbuild/netbsd-arm64': 0.27.4
      '@esbuild/netbsd-x64': 0.27.4
      '@esbuild/openbsd-arm64': 0.27.4
      '@esbuild/openbsd-x64': 0.27.4
      '@esbuild/openharmony-arm64': 0.27.4
      '@esbuild/sunos-x64': 0.27.4
      '@esbuild/win32-arm64': 0.27.4
      '@esbuild/win32-ia32': 0.27.4
      '@esbuild/win32-x64': 0.27.4

  ethereum-cryptography@2.2.1:
    dependencies:
      '@noble/curves': 1.4.2
      '@noble/hashes': 1.4.0
      '@scure/bip32': 1.4.0
      '@scure/bip39': 1.3.0

  ethers@6.16.0:
    dependencies:
      '@adraffy/ens-normalize': 1.10.1
      '@noble/curves': 1.2.0
      '@noble/hashes': 1.3.2
      '@types/node': 22.7.5
      aes-js: 4.0.0-beta.5
      tslib: 2.7.0
      ws: 8.17.1
    transitivePeerDependencies:
      - bufferutil
      - utf-8-validate

  fast-equals@5.4.0: {}

  forge-std@https://codeload.github.com/foundry-rs/forge-std/tar.gz/77041d2ce690e692d6e03cc812b57d1ddaa4d505: {}

  fsevents@2.3.3:
    optional: true

  get-tsconfig@4.13.6:
    dependencies:
      resolve-pkg-maps: 1.0.0

  hardhat@3.1.12:
    dependencies:
      '@nomicfoundation/edr': 0.12.0-next.28
      '@nomicfoundation/hardhat-errors': 3.0.8
      '@nomicfoundation/hardhat-utils': 4.0.1
      '@nomicfoundation/hardhat-vendored': 3.0.1
      '@nomicfoundation/hardhat-zod-utils': 3.0.3(zod@3.25.76)
      '@nomicfoundation/solidity-analyzer': 0.1.2
      '@sentry/core': 9.47.1
      adm-zip: 0.4.16
      chalk: 5.6.2
      chokidar: 4.0.3
      debug: 4.4.3
      enquirer: 2.4.1
      ethereum-cryptography: 2.2.1
      micro-eth-signer: 0.14.0
      p-map: 7.0.4
      resolve.exports: 2.0.3
      semver: 7.7.4
      tsx: 4.21.0
      ws: 8.19.0
      zod: 3.25.76
    transitivePeerDependencies:
      - bufferutil
      - supports-color
      - utf-8-validate

  json-stream-stringify@3.1.6: {}

  micro-eth-signer@0.14.0:
    dependencies:
      '@noble/curves': 1.8.2
      '@noble/hashes': 1.7.2
      micro-packed: 0.7.3

  micro-packed@0.7.3:
    dependencies:
      '@scure/base': 1.2.6

  ms@2.1.3: {}

  p-map@7.0.4: {}

  readdirp@4.1.2: {}

  resolve-pkg-maps@1.0.0: {}

  resolve.exports@2.0.3: {}

  rfdc@1.4.1: {}

  semver@7.7.4: {}

  strip-ansi@6.0.1:
    dependencies:
      ansi-regex: 5.0.1

  tslib@2.7.0: {}

  tsx@4.21.0:
    dependencies:
      esbuild: 0.27.4
      get-tsconfig: 4.13.6
    optionalDependencies:
      fsevents: 2.3.3

  typescript@5.8.3: {}

  undici-types@6.19.8: {}

  undici-types@6.21.0: {}

  undici@6.24.0: {}

  ws@8.17.1: {}

  ws@8.19.0: {}

  zod@3.25.76: {}
